
Microsoft Visual Studio Solution File, Format Version 12.00
# Visual Studio Version 16
VisualStudioVersion = 16.0.33214.272
MinimumVisualStudioVersion = 10.0.40219.1
Project("{8BC9CEB8-8B4A-11D0-8D11-00A0C91BC942}") = "nes_emulator", "nes_emulator\nes_emulator.vcxproj", "{08A58B4A-AE65-42A0-AA6F-E134EDE7197B}"
EndProject
Global
	GlobalSection(SolutionConfigurationPlatforms) = preSolution
		Debug|x64 = Debug|x64
		Debug|x86 = Debug|x86
		Release|x64 = Release|x64
		Release|x86 = Release|x86
	EndGlobalSection
	GlobalSection(ProjectConfigurationPlatforms) = postSolution
		{08A58B4A-AE65-42A0-AA6F-E134EDE7197B}.Debug|x64.ActiveCfg = Debug|x64
		{08A58B4A-AE65-42A0-AA6F-E134EDE7197B}.Debug|x64.Build.0 = Debug|x64
		{08A58B4A-AE65-42A0-AA6F-E134EDE7197B}.Debug|x86.ActiveCfg = Debug|Win32
		{08A58B4A-AE65-42A0-AA6F-E134EDE7197B}.Debug|x86.Build.0 = Debug|Win32
		{08A58B4A-AE65-42A0-AA6F-E134EDE7197B}.Release|x64.ActiveCfg = Release|x64
		{08A58B4A-AE65-42A0-AA6F-E134EDE7197B}.Release|x64.Build.0 = Release|x64
		{08A58B4A-AE65-42A0-AA6F-E134EDE7197B}.Release|x86.ActiveCfg = Release|Win32
		{08A58B4A-AE65-42A0-AA6F-E134EDE7197B}.Release|x86.Build.0 = Release|Win32
	EndGlobalSection
	GlobalSection(SolutionProperties) = preSolution
		HideSolutionNode = FALSE
	EndGlobalSection
	GlobalSection(ExtensibilityGlobals) = postSolution
		SolutionGuid = {7B96DB05-3341-4FA9-B7A9-467B750CCEC0}
	EndGlobalSection
EndGlobal
